
Microsoft Visual Studio Solution File, Format Version 12.00
Project("{2150E333-8FDC-42A3-9474-1A3956D46DE8}") = "src", "src", "{AD352670-635C-41C2-9A61-66513C55713A}"
EndProject
Project("{2150E333-8FDC-42A3-9474-1A3956D46DE8}") = "tests", "tests", "{E7EADF6A-6605-4DD3-8A6D-1A7083E3CDB2}"
EndProject
Project("{2150E333-8FDC-42A3-9474-1A3956D46DE8}") = "sandboxes", "sandboxes", "{047DFD9E-8AF9-4972-86E1-394535BDB1CF}"
EndProject
Project("{FAE04EC0-301F-11D3-BF4B-00C04F79EFBC}") = "LasseVK.Extensions.Configuration", "src\LasseVK.Extensions.Configuration\LasseVK.Extensions.Configuration.csproj", "{0383CDFD-71E7-4493-9035-ABD45533525A}"
EndProject
Project("{FAE04EC0-301F-11D3-BF4B-00C04F79EFBC}") = "ConsoleSandbox", "sandboxes\ConsoleSandbox\ConsoleSandbox.csproj", "{AA881931-969F-43D2-937A-C37933D01731}"
EndProject
Project("{FAE04EC0-301F-11D3-BF4B-00C04F79EFBC}") = "LasseVK.Extensions.Hosting", "src\LasseVK.Extensions.Hosting\LasseVK.Extensions.Hosting.csproj", "{5DBDA19C-2AE6-4218-B9D8-D917B65F4A20}"
EndProject
Project("{FAE04EC0-301F-11D3-BF4B-00C04F79EFBC}") = "LasseVK.Extensions.Hosting.ConsoleApplications", "src\LasseVK.Extensions.Hosting.ConsoleApplications\LasseVK.Extensions.Hosting.ConsoleApplications.csproj", "{779130B3-C476-4C2F-AB85-467AB95F67BD}"
EndProject
Project("{FAE04EC0-301F-11D3-BF4B-00C04F79EFBC}") = "LasseVK.Extensions.Tasks", "src\LasseVK.Extensions.Tasks\LasseVK.Extensions.Tasks.csproj", "{C4721846-ED22-4ADD-8462-E616EE00C73C}"
EndProject
Global
	GlobalSection(SolutionConfigurationPlatforms) = preSolution
		Debug|Any CPU = Debug|Any CPU
		Release|Any CPU = Release|Any CPU
	EndGlobalSection
	GlobalSection(NestedProjects) = preSolution
		{0383CDFD-71E7-4493-9035-ABD45533525A} = {AD352670-635C-41C2-9A61-66513C55713A}
		{AA881931-969F-43D2-937A-C37933D01731} = {047DFD9E-8AF9-4972-86E1-394535BDB1CF}
		{5DBDA19C-2AE6-4218-B9D8-D917B65F4A20} = {AD352670-635C-41C2-9A61-66513C55713A}
		{779130B3-C476-4C2F-AB85-467AB95F67BD} = {AD352670-635C-41C2-9A61-66513C55713A}
		{C4721846-ED22-4ADD-8462-E616EE00C73C} = {AD352670-635C-41C2-9A61-66513C55713A}
	EndGlobalSection
	GlobalSection(ProjectConfigurationPlatforms) = postSolution
		{0383CDFD-71E7-4493-9035-ABD45533525A}.Debug|Any CPU.ActiveCfg = Debug|Any CPU
		{0383CDFD-71E7-4493-9035-ABD45533525A}.Debug|Any CPU.Build.0 = Debug|Any CPU
		{0383CDFD-71E7-4493-9035-ABD45533525A}.Release|Any CPU.ActiveCfg = Release|Any CPU
		{0383CDFD-71E7-4493-9035-ABD45533525A}.Release|Any CPU.Build.0 = Release|Any CPU
		{AA881931-969F-43D2-937A-C37933D01731}.Debug|Any CPU.ActiveCfg = Debug|Any CPU
		{AA881931-969F-43D2-937A-C37933D01731}.Debug|Any CPU.Build.0 = Debug|Any CPU
		{AA881931-969F-43D2-937A-C37933D01731}.Release|Any CPU.ActiveCfg = Release|Any CPU
		{AA881931-969F-43D2-937A-C37933D01731}.Release|Any CPU.Build.0 = Release|Any CPU
		{5DBDA19C-2AE6-4218-B9D8-D917B65F4A20}.Debug|Any CPU.ActiveCfg = Debug|Any CPU
		{5DBDA19C-2AE6-4218-B9D8-D917B65F4A20}.Debug|Any CPU.Build.0 = Debug|Any CPU
		{5DBDA19C-2AE6-4218-B9D8-D917B65F4A20}.Release|Any CPU.ActiveCfg = Release|Any CPU
		{5DBDA19C-2AE6-4218-B9D8-D917B65F4A20}.Release|Any CPU.Build.0 = Release|Any CPU
		{779130B3-C476-4C2F-AB85-467AB95F67BD}.Debug|Any CPU.ActiveCfg = Debug|Any CPU
		{779130B3-C476-4C2F-AB85-467AB95F67BD}.Debug|Any CPU.Build.0 = Debug|Any CPU
		{779130B3-C476-4C2F-AB85-467AB95F67BD}.Release|Any CPU.ActiveCfg = Release|Any CPU
		{779130B3-C476-4C2F-AB85-467AB95F67BD}.Release|Any CPU.Build.0 = Release|Any CPU
		{C4721846-ED22-4ADD-8462-E616EE00C73C}.Debug|Any CPU.ActiveCfg = Debug|Any CPU
		{C4721846-ED22-4ADD-8462-E616EE00C73C}.Debug|Any CPU.Build.0 = Debug|Any CPU
		{C4721846-ED22-4ADD-8462-E616EE00C73C}.Release|Any CPU.ActiveCfg = Release|Any CPU
		{C4721846-ED22-4ADD-8462-E616EE00C73C}.Release|Any CPU.Build.0 = Release|Any CPU
	EndGlobalSection
EndGlobal
